PODS:
  - SoraUI (1.14.0):
    - SoraUI/AdaptiveDesign (= 1.14.0)
    - SoraUI/Animator (= 1.14.0)
    - SoraUI/Camera (= 1.14.0)
    - SoraUI/Controls (= 1.14.0)
    - SoraUI/DetailsView (= 1.14.0)
    - SoraUI/EmptyState (= 1.14.0)
    - SoraUI/Helpers (= 1.14.0)
    - SoraUI/LoadingView (= 1.14.0)
    - SoraUI/ModalPresentation (= 1.14.0)
    - SoraUI/PageLoader (= 1.14.0)
    - SoraUI/PinView (= 1.14.0)
    - SoraUI/Skrull (= 1.14.0)
  - SoraUI/AdaptiveDesign (1.14.0)
  - SoraUI/Animator (1.14.0)
  - SoraUI/Camera (1.14.0)
  - SoraUI/Controls (1.14.0):
    - SoraUI/Animator
  - SoraUI/DetailsView (1.14.0):
    - SoraUI/Controls
  - SoraUI/EmptyState (1.14.0):
    - SoraUI/Animator
  - SoraUI/Helpers (1.14.0)
  - SoraUI/LoadingView (1.14.0):
    - SoraUI/Controls
  - SoraUI/ModalPresentation (1.14.0):
    - SoraUI/Animator
    - SoraUI/Controls
  - SoraUI/PageLoader (1.14.0)
  - SoraUI/PinView (1.14.0):
    - SoraUI/Controls
  - SoraUI/Skrull (1.14.0)

DEPENDENCIES:
  - SoraUI (from `../`)

EXTERNAL SOURCES:
  SoraUI:
    :path: "../"

SPEC CHECKSUMS:
  SoraUI: b6528310c986fd7d15d0270322455dda78c0ecbf

PODFILE CHECKSUM: bb766dae3a5ddd7acf3a123997936163f86b09c0

COCOAPODS: 1.15.2
