PODS:
  - SoraUI (1.10.3):
    - SoraUI/AdaptiveDesign (= 1.10.3)
    - SoraUI/Animator (= 1.10.3)
    - SoraUI/Camera (= 1.10.3)
    - SoraUI/Controls (= 1.10.3)
    - SoraUI/DetailsView (= 1.10.3)
    - SoraUI/EmptyState (= 1.10.3)
    - SoraUI/Helpers (= 1.10.3)
    - SoraUI/LoadingView (= 1.10.3)
    - SoraUI/ModalPresentation (= 1.10.3)
    - SoraUI/PageLoader (= 1.10.3)
    - SoraUI/PinView (= 1.10.3)
    - SoraUI/Skrull (= 1.10.3)
  - SoraUI/AdaptiveDesign (1.10.3)
  - SoraUI/Animator (1.10.3)
  - SoraUI/Camera (1.10.3)
  - SoraUI/Controls (1.10.3):
    - SoraUI/Animator
  - SoraUI/DetailsView (1.10.3):
    - SoraUI/Controls
  - SoraUI/EmptyState (1.10.3):
    - SoraUI/Animator
  - SoraUI/Helpers (1.10.3)
  - SoraUI/LoadingView (1.10.3):
    - SoraUI/Controls
  - SoraUI/ModalPresentation (1.10.3):
    - SoraUI/Animator
    - SoraUI/Controls
  - SoraUI/PageLoader (1.10.3)
  - SoraUI/PinView (1.10.3):
    - SoraUI/Controls
  - SoraUI/Skrull (1.10.3)

DEPENDENCIES:
  - SoraUI (from `../`)

EXTERNAL SOURCES:
  SoraUI:
    :path: "../"

SPEC CHECKSUMS:
  SoraUI: 1ec71151eb962591eeb898bcdd98bded59745f2d

PODFILE CHECKSUM: bb766dae3a5ddd7acf3a123997936163f86b09c0

COCOAPODS: 1.11.2
